
Microsoft Visual Studio Solution File, Format Version 12.00
# Visual Studio Version 17
VisualStudioVersion = 17.4.33110.190
MinimumVisualStudioVersion = 10.0.40219.1
Project("{FAE04EC0-301F-11D3-BF4B-00C04F79EFBC}") = "Telegram-KinoBot", "Telegram-KinoBot.csproj", "{AC77E3AC-1FC4-4728-AE44-06C424D74979}"
EndProject
Global
	GlobalSection(SolutionConfigurationPlatforms) = preSolution
		Debug|Any CPU = Debug|Any CPU
		Release|Any CPU = Release|Any CPU
	EndGlobalSection
	GlobalSection(ProjectConfigurationPlatforms) = postSolution
		{AC77E3AC-1FC4-4728-AE44-06C424D74979}.Debug|Any CPU.ActiveCfg = Debug|Any CPU
		{AC77E3AC-1FC4-4728-AE44-06C424D74979}.Debug|Any CPU.Build.0 = Debug|Any CPU
		{AC77E3AC-1FC4-4728-AE44-06C424D74979}.Release|Any CPU.ActiveCfg = Release|Any CPU
		{AC77E3AC-1FC4-4728-AE44-06C424D74979}.Release|Any CPU.Build.0 = Release|Any CPU
	EndGlobalSection
	GlobalSection(SolutionProperties) = preSolution
		HideSolutionNode = FALSE
	EndGlobalSection
	GlobalSection(ExtensibilityGlobals) = postSolution
		SolutionGuid = {9F3FC2D4-7E3C-4A88-B9BA-0B7C52D27EF4}
	EndGlobalSection
EndGlobal
